// !$*UTF8*$!
{
	archiveVersion = 1;
	classes = {
	};
	objectVersion = 46;
	objects = {

/* Begin PBXBuildFile section */
		C1440F481A0618AC008F5532 /* main.swift in Sources */ = {isa = PBXBuildFile; fileRef = C1440F471A0618AC008F5532 /* main.swift */; };
		C1440F571A0618C0008F5532 /* ChicagoStylePizzaStore.swift in Sources */ = {isa = PBXBuildFile; fileRef = C1440F4E1A0618C0008F5532 /* ChicagoStylePizzaStore.swift */; };
		C1440F581A0618C0008F5532 /* ChicagoStyleCheesePizza.swift in Sources */ = {isa = PBXBuildFile; fileRef = C1440F4F1A0618C0008F5532 /* ChicagoStyleCheesePizza.swift */; };
		C1440F591A0618C0008F5532 /* Pizza.swift in Sources */ = {isa = PBXBuildFile; fileRef = C1440F501A0618C0008F5532 /* Pizza.swift */; };
		C1440F5A1A0618C0008F5532 /* NYStyleCheesePizza.swift in Sources */ = {isa = PBXBuildFile; fileRef = C1440F511A0618C0008F5532 /* NYStyleCheesePizza.swift */; };
		C1440F5B1A0618C0008F5532 /* NYPizzaStore.swift in Sources */ = {isa = PBXBuildFile; fileRef = C1440F521A0618C0008F5532 /* NYPizzaStore.swift */; };
		C1440F5C1A0618C0008F5532 /* PizzaStore.swift in Sources */ = {isa = PBXBuildFile; fileRef = C1440F531A0618C0008F5532 /* PizzaStore.swift */; };
		C1440F5D1A0618C0008F5532 /* NYStyleClamPizza.swift in Sources */ = {isa = PBXBuildFile; fileRef = C1440F541A0618C0008F5532 /* NYStyleClamPizza.swift */; };
		C1440F5E1A0618C0008F5532 /* NYStylePepperoniPizza.swift in Sources */ = {isa = PBXBuildFile; fileRef = C1440F551A0618C0008F5532 /* NYStylePepperoniPizza.swift */; };
		C1440F5F1A0618C0008F5532 /* NYStyleVeggiePizza.swift in Sources */ = {isa = PBXBuildFile; fileRef = C1440F561A0618C0008F5532 /* NYStyleVeggiePizza.swift */; };
/* End PBXBuildFile section */

/* Begin PBXCopyFilesBuildPhase section */
		C1440F421A0618AB008F5532 /* CopyFiles */ = {
			isa = PBXCopyFilesBuildPhase;
			buildActionMask = 2147483647;
			dstPath = /usr/share/man/man1/;
			dstSubfolderSpec = 0;
			files = (
			);
			runOnlyForDeploymentPostprocessing = 1;
		};
/* End PBXCopyFilesBuildPhase section */

/* Begin PBXFileReference section */
		C1440F441A0618AB008F5532 /* factory */ = {isa = PBXFileReference; explicitFileType = "compiled.mach-o.executable"; includeInIndex = 0; path = factory; sourceTree = BUILT_PRODUCTS_DIR; };
		C1440F471A0618AC008F5532 /* main.swift */ = {isa = PBXFileReference; lastKnownFileType = sourcecode.swift; path = main.swift; sourceTree = "<group>"; };
		C1440F4E1A0618C0008F5532 /* ChicagoStylePizzaStore.swift */ = {isa = PBXFileReference; fileEncoding = 4; lastKnownFileType = sourcecode.swift; path = ChicagoStylePizzaStore.swift; sourceTree = "<group>"; };
		C1440F4F1A0618C0008F5532 /* ChicagoStyleCheesePizza.swift */ = {isa = PBXFileReference; fileEncoding = 4; lastKnownFileType = sourcecode.swift; path = ChicagoStyleCheesePizza.swift; sourceTree = "<group>"; };
		C1440F501A0618C0008F5532 /* Pizza.swift */ = {isa = PBXFileReference; fileEncoding = 4; lastKnownFileType = sourcecode.swift; path = Pizza.swift; sourceTree = "<group>"; };
		C1440F511A0618C0008F5532 /* NYStyleCheesePizza.swift */ = {isa = PBXFileReference; fileEncoding = 4; lastKnownFileType = sourcecode.swift; path = NYStyleCheesePizza.swift; sourceTree = "<group>"; };
		C1440F521A0618C0008F5532 /* NYPizzaStore.swift */ = {isa = PBXFileReference; fileEncoding = 4; lastKnownFileType = sourcecode.swift; path = NYPizzaStore.swift; sourceTree = "<group>"; };
		C1440F531A0618C0008F5532 /* PizzaStore.swift */ = {isa = PBXFileReference; fileEncoding = 4; lastKnownFileType = sourcecode.swift; path = PizzaStore.swift; sourceTree = "<group>"; };
		C1440F541A0618C0008F5532 /* NYStyleClamPizza.swift */ = {isa = PBXFileReference; fileEncoding = 4; lastKnownFileType = sourcecode.swift; path = NYStyleClamPizza.swift; sourceTree = "<group>"; };
		C1440F551A0618C0008F5532 /* NYStylePepperoniPizza.swift */ = {isa = PBXFileReference; fileEncoding = 4; lastKnownFileType = sourcecode.swift; path = NYStylePepperoniPizza.swift; sourceTree = "<group>"; };
		C1440F561A0618C0008F5532 /* NYStyleVeggiePizza.swift */ = {isa = PBXFileReference; fileEncoding = 4; lastKnownFileType = sourcecode.swift; path = NYStyleVeggiePizza.swift; sourceTree = "<group>"; };
/* End PBXFileReference section */

/* Begin PBXFrameworksBuildPhase section */
		C1440F411A0618AB008F5532 /* Frameworks */ = {
			isa = PBXFrameworksBuildPhase;
			buildActionMask = 2147483647;
			files = (
			);
			runOnlyForDeploymentPostprocessing = 0;
		};
/* End PBXFrameworksBuildPhase section */

/* Begin PBXGroup section */
		C1440F3B1A0618AB008F5532 = {
			isa = PBXGroup;
			children = (
				C1440F461A0618AB008F5532 /* factory */,
				C1440F451A0618AB008F5532 /* Products */,
			);
			sourceTree = "<group>";
		};
		C1440F451A0618AB008F5532 /* Products */ = {
			isa = PBXGroup;
			children = (
				C1440F441A0618AB008F5532 /* factory */,
			);
			name = Products;
			sourceTree = "<group>";
		};
		C1440F461A0618AB008F5532 /* factory */ = {
			isa = PBXGroup;
			children = (
				C1440F4E1A0618C0008F5532 /* ChicagoStylePizzaStore.swift */,
				C1440F4F1A0618C0008F5532 /* ChicagoStyleCheesePizza.swift */,
				C1440F501A0618C0008F5532 /* Pizza.swift */,
				C1440F511A0618C0008F5532 /* NYStyleCheesePizza.swift */,
				C1440F521A0618C0008F5532 /* NYPizzaStore.swift */,
				C1440F531A0618C0008F5532 /* PizzaStore.swift */,
				C1440F541A0618C0008F5532 /* NYStyleClamPizza.swift */,
				C1440F551A0618C0008F5532 /* NYStylePepperoniPizza.swift */,
				C1440F561A0618C0008F5532 /* NYStyleVeggiePizza.swift */,
				C1440F471A0618AC008F5532 /* main.swift */,
			);
			path = factory;
			sourceTree = "<group>";
		};
/* End PBXGroup section */

/* Begin PBXNativeTarget section */
		C1440F431A0618AB008F5532 /* factory */ = {
			isa = PBXNativeTarget;
			buildConfigurationList = C1440F4B1A0618AC008F5532 /* Build configuration list for PBXNativeTarget "factory" */;
			buildPhases = (
				C1440F401A0618AB008F5532 /* Sources */,
				C1440F411A0618AB008F5532 /* Frameworks */,
				C1440F421A0618AB008F5532 /* CopyFiles */,
			);
			buildRules = (
			);
			dependencies = (
			);
			name = factory;
			productName = factory;
			productReference = C1440F441A0618AB008F5532 /* factory */;
			productType = "com.apple.product-type.tool";
		};
/* End PBXNativeTarget section */

/* Begin PBXProject section */
		C1440F3C1A0618AB008F5532 /* Project object */ = {
			isa = PBXProject;
			attributes = {
				LastUpgradeCheck = 0610;
				ORGANIZATIONNAME = UnixOSS;
				TargetAttributes = {
					C1440F431A0618AB008F5532 = {
						CreatedOnToolsVersion = 6.1;
					};
				};
			};
			buildConfigurationList = C1440F3F1A0618AB008F5532 /* Build configuration list for PBXProject "factory" */;
			compatibilityVersion = "Xcode 3.2";
			developmentRegion = English;
			hasScannedForEncodings = 0;
			knownRegions = (
				en,
			);
			mainGroup = C1440F3B1A0618AB008F5532;
			productRefGroup = C1440F451A0618AB008F5532 /* Products */;
			projectDirPath = "";
			projectRoot = "";
			targets = (
				C1440F431A0618AB008F5532 /* factory */,
			);
		};
/* End PBXProject section */

/* Begin PBXSourcesBuildPhase section */
		C1440F401A0618AB008F5532 /* Sources */ = {
			isa = PBXSourcesBuildPhase;
			buildActionMask = 2147483647;
			files = (
				C1440F591A0618C0008F5532 /* Pizza.swift in Sources */,
				C1440F5B1A0618C0008F5532 /* NYPizzaStore.swift in Sources */,
				C1440F5E1A0618C0008F5532 /* NYStylePepperoniPizza.swift in Sources */,
				C1440F581A0618C0008F5532 /* ChicagoStyleCheesePizza.swift in Sources */,
				C1440F481A0618AC008F5532 /* main.swift in Sources */,
				C1440F5D1A0618C0008F5532 /* NYStyleClamPizza.swift in Sources */,
				C1440F5F1A0618C0008F5532 /* NYStyleVeggiePizza.swift in Sources */,
				C1440F5C1A0618C0008F5532 /* PizzaStore.swift in Sources */,
				C1440F571A0618C0008F5532 /* ChicagoStylePizzaStore.swift in Sources */,
				C1440F5A1A0618C0008F5532 /* NYStyleCheesePizza.swift in Sources */,
			);
			runOnlyForDeploymentPostprocessing = 0;
		};
/* End PBXSourcesBuildPhase section */

/* Begin XCBuildConfiguration section */
		C1440F491A0618AC008F5532 /* Debug */ = {
			isa = XCBuildConfiguration;
			buildSettings = {
				ALWAYS_SEARCH_USER_PATHS = NO;
				CLANG_CXX_LANGUAGE_STANDARD = "gnu++0x";
				CLANG_CXX_LIBRARY = "libc++";
				CLANG_ENABLE_MODULES = YES;
				CLANG_ENABLE_OBJC_ARC = YES;
				CLANG_WARN_BOOL_CONVERSION = YES;
				CLANG_WARN_CONSTANT_CONVERSION = YES;
				CLANG_WARN_DIRECT_OBJC_ISA_USAGE = YES_ERROR;
				CLANG_WARN_EMPTY_BODY = YES;
				CLANG_WARN_ENUM_CONVERSION = YES;
				CLANG_WARN_INT_CONVERSION = YES;
				CLANG_WARN_OBJC_ROOT_CLASS = YES_ERROR;
				CLANG_WARN_UNREACHABLE_CODE = YES;
				CLANG_WARN__DUPLICATE_METHOD_MATCH = YES;
				COPY_PHASE_STRIP = NO;
				ENABLE_STRICT_OBJC_MSGSEND = YES;
				GCC_C_LANGUAGE_STANDARD = gnu99;
				GCC_DYNAMIC_NO_PIC = NO;
				GCC_OPTIMIZATION_LEVEL = 0;
				GCC_PREPROCESSOR_DEFINITIONS = (
					"DEBUG=1",
					"$(inherited)",
				);
				GCC_SYMBOLS_PRIVATE_EXTERN = NO;
				GCC_WARN_64_TO_32_BIT_CONVERSION = YES;
				GCC_WARN_ABOUT_RETURN_TYPE = YES_ERROR;
				GCC_WARN_UNDECLARED_SELECTOR = YES;
				GCC_WARN_UNINITIALIZED_AUTOS = YES_AGGRESSIVE;
				GCC_WARN_UNUSED_FUNCTION = YES;
				GCC_WARN_UNUSED_VARIABLE = YES;
				MACOSX_DEPLOYMENT_TARGET = 10.10;
				MTL_ENABLE_DEBUG_INFO = YES;
				ONLY_ACTIVE_ARCH = YES;
				SDKROOT = macosx;
				SWIFT_OPTIMIZATION_LEVEL = "-Onone";
			};
			name = Debug;
		};
		C1440F4A1A0618AC008F5532 /* Release */ = {
			isa = XCBuildConfiguration;
			buildSettings = {
				ALWAYS_SEARCH_USER_PATHS = NO;
				CLANG_CXX_LANGUAGE_STANDARD = "gnu++0x";
				CLANG_CXX_LIBRARY = "libc++";
				CLANG_ENABLE_MODULES = YES;
				CLANG_ENABLE_OBJC_ARC = YES;
				CLANG_WARN_BOOL_CONVERSION = YES;
				CLANG_WARN_CONSTANT_CONVERSION = YES;
				CLANG_WARN_DIRECT_OBJC_ISA_USAGE = YES_ERROR;
				CLANG_WARN_EMPTY_BODY = YES;
				CLANG_WARN_ENUM_CONVERSION = YES;
				CLANG_WARN_INT_CONVERSION = YES;
				CLANG_WARN_OBJC_ROOT_CLASS = YES_ERROR;
				CLANG_WARN_UNREACHABLE_CODE = YES;
				CLANG_WARN__DUPLICATE_METHOD_MATCH = YES;
				COPY_PHASE_STRIP = YES;
				DEBUG_INFORMATION_FORMAT = "dwarf-with-dsym";
				ENABLE_NS_ASSERTIONS = NO;
				ENABLE_STRICT_OBJC_MSGSEND = YES;
				GCC_C_LANGUAGE_STANDARD = gnu99;
				GCC_WARN_64_TO_32_BIT_CONVERSION = YES;
				GCC_WARN_ABOUT_RETURN_TYPE = YES_ERROR;
				GCC_WARN_UNDECLARED_SELECTOR = YES;
				GCC_WARN_UNINITIALIZED_AUTOS = YES_AGGRESSIVE;
				GCC_WARN_UNUSED_FUNCTION = YES;
				GCC_WARN_UNUSED_VARIABLE = YES;
				MACOSX_DEPLOYMENT_TARGET = 10.10;
				MTL_ENABLE_DEBUG_INFO = NO;
				SDKROOT = macosx;
			};
			name = Release;
		};
		C1440F4C1A0618AC008F5532 /* Debug */ = {
			isa = XCBuildConfiguration;
			buildSettings = {
				PRODUCT_NAME = "$(TARGET_NAME)";
			};
			name = Debug;
		};
		C1440F4D1A0618AC008F5532 /* Release */ = {
			isa = XCBuildConfiguration;
			buildSettings = {
				PRODUCT_NAME = "$(TARGET_NAME)";
			};
			name = Release;
		};
/* End XCBuildConfiguration section */

/* Begin XCConfigurationList section */
		C1440F3F1A0618AB008F5532 /* Build configuration list for PBXProject "factory" */ = {
			isa = XCConfigurationList;
			buildConfigurations = (
				C1440F491A0618AC008F5532 /* Debug */,
				C1440F4A1A0618AC008F5532 /* Release */,
			);
			defaultConfigurationIsVisible = 0;
			defaultConfigurationName = Release;
		};
		C1440F4B1A0618AC008F5532 /* Build configuration list for PBXNativeTarget "factory" */ = {
			isa = XCConfigurationList;
			buildConfigurations = (
				C1440F4C1A0618AC008F5532 /* Debug */,
				C1440F4D1A0618AC008F5532 /* Release */,
			);
			defaultConfigurationIsVisible = 0;
		};
/* End XCConfigurationList section */
	};
	rootObject = C1440F3C1A0618AB008F5532 /* Project object */;
}
