// !$*UTF8*$!
{
	archiveVersion = 1;
	classes = {
	};
	objectVersion = 46;
	objects = {

/* Begin PBXBuildFile section */
		C1440F481A0618AC008F5532 /* main.swift in Sources */ = {isa = PBXBuildFile; fileRef = C1440F471A0618AC008F5532 /* main.swift */; };
		C1440F571A0618C0008F5532 /* ChicagoStylePizzaStore.swift in Sources */ = {isa = PBXBuildFile; fileRef = C1440F4E1A0618C0008F5532 /* ChicagoStylePizzaStore.swift */; };
		C1440F581A0618C0008F5532 /* ChicagoStyleCheesePizza.swift in Sources */ = {isa = PBXBuildFile; fileRef = C1440F4F1A0618C0008F5532 /* ChicagoStyleCheesePizza.swift */; };
		C1440F591A0618C0008F5532 /* Pizza.swift in Sources */ = {isa = PBXBuildFile; fileRef = C1440F501A0618C0008F5532 /* Pizza.swift */; };
		C1440F5A1A0618C0008F5532 /* NYStyleCheesePizza.swift in Sources */ = {isa = PBXBuildFile; fileRef = C1440F511A0618C0008F5532 /* NYStyleCheesePizza.swift */; };
		C1440F5B1A0618C0008F5532 /* NYPizzaStore.swift in Sources */ = {isa = PBXBuildFile; fileRef = C1440F521A0618C0008F5532 /* NYPizzaStore.swift */; };
		C1440F5C1A0618C0008F5532 /* PizzaStore.swift in Sources */ = {isa = PBXBuildFile; fileRef = C1440F531A0618C0008F5532 /* PizzaStore.swift */; };
		C1440F5D1A0618C0008F5532 /* NYStyleClamPizza.swift in Sources */ = {isa = PBXBuildFile; fileRef = C1440F541A0618C0008F5532 /* NYStyleClamPizza.swift */; };
		C1440F5E1A0618C0008F5532 /* NYStylePepperoniPizza.swift in Sources */ = {isa = PBXBuildFile; fileRef = C1440F551A0618C0008F5532 /* NYStylePepperoniPizza.swift */; };
		C1440F5F1A0618C0008F5532 /* NYStyleVeggiePizza.swift in Sources */ = {isa = PBXBuildFile; fileRef = C1440F561A0618C0008F5532 /* NYStyleVeggiePizza.swift */; };
		C1440F641A073FC0008F5532 /* PizzaIngredientFactory.swift in Sources */ = {isa = PBXBuildFile; fileRef = C1440F631A073FC0008F5532 /* PizzaIngredientFactory.swift */; };
		C1440F661A073FFB008F5532 /* Dough.swift in Sources */ = {isa = PBXBuildFile; fileRef = C1440F651A073FFB008F5532 /* Dough.swift */; };
		C1440F681A074016008F5532 /* Sauce.swift in Sources */ = {isa = PBXBuildFile; fileRef = C1440F671A074016008F5532 /* Sauce.swift */; };
		C1440F6A1A07402A008F5532 /* Cheese.swift in Sources */ = {isa = PBXBuildFile; fileRef = C1440F691A07402A008F5532 /* Cheese.swift */; };
		C1440F6C1A074041008F5532 /* Veggies.swift in Sources */ = {isa = PBXBuildFile; fileRef = C1440F6B1A074041008F5532 /* Veggies.swift */; };
		C1440F6E1A07405E008F5532 /* Pepperoni.swift in Sources */ = {isa = PBXBuildFile; fileRef = C1440F6D1A07405E008F5532 /* Pepperoni.swift */; };
		C1440F701A074076008F5532 /* Clams.swift in Sources */ = {isa = PBXBuildFile; fileRef = C1440F6F1A074076008F5532 /* Clams.swift */; };
		C1440F721A0740AC008F5532 /* Garlic.swift in Sources */ = {isa = PBXBuildFile; fileRef = C1440F711A0740AC008F5532 /* Garlic.swift */; };
		C1440F741A0740D1008F5532 /* Onion.swift in Sources */ = {isa = PBXBuildFile; fileRef = C1440F731A0740D1008F5532 /* Onion.swift */; };
		C1440F761A0740EB008F5532 /* Mushroom.swift in Sources */ = {isa = PBXBuildFile; fileRef = C1440F751A0740EB008F5532 /* Mushroom.swift */; };
		C1440F781A07410A008F5532 /* RedPepper.swift in Sources */ = {isa = PBXBuildFile; fileRef = C1440F771A07410A008F5532 /* RedPepper.swift */; };
		C1440F7A1A0741DB008F5532 /* NYPizzaIngredientFactory.swift in Sources */ = {isa = PBXBuildFile; fileRef = C1440F791A0741DB008F5532 /* NYPizzaIngredientFactory.swift */; };
		C1440F7C1A07431F008F5532 /* ThinCrustDough.swift in Sources */ = {isa = PBXBuildFile; fileRef = C1440F7B1A07431F008F5532 /* ThinCrustDough.swift */; };
		C1440F7E1A07434C008F5532 /* MarinaraSauce.swift in Sources */ = {isa = PBXBuildFile; fileRef = C1440F7D1A07434C008F5532 /* MarinaraSauce.swift */; };
		C1440F801A074373008F5532 /* ReggianoCheese.swift in Sources */ = {isa = PBXBuildFile; fileRef = C1440F7F1A074373008F5532 /* ReggianoCheese.swift */; };
		C1440F821A074398008F5532 /* SlicedPepperoni.swift in Sources */ = {isa = PBXBuildFile; fileRef = C1440F811A074398008F5532 /* SlicedPepperoni.swift */; };
		C1440F841A0743BE008F5532 /* FreshClams.swift in Sources */ = {isa = PBXBuildFile; fileRef = C1440F831A0743BE008F5532 /* FreshClams.swift */; };
		C1440FB21A086388008F5532 /* CheesePizza.swift in Sources */ = {isa = PBXBuildFile; fileRef = C1440FB11A086388008F5532 /* CheesePizza.swift */; };
		C1440FB41A086954008F5532 /* Vehicle.swift in Sources */ = {isa = PBXBuildFile; fileRef = C1440FB31A086954008F5532 /* Vehicle.swift */; };
		C1440FB61A087043008F5532 /* Bicycle.swift in Sources */ = {isa = PBXBuildFile; fileRef = C1440FB51A087043008F5532 /* Bicycle.swift */; };
		C14932221A0B063B000E526B /* ClamPizza.swift in Sources */ = {isa = PBXBuildFile; fileRef = C14932211A0B063B000E526B /* ClamPizza.swift */; };
		C14932241A0B0998000E526B /* VeggiePizza.swift in Sources */ = {isa = PBXBuildFile; fileRef = C14932231A0B0998000E526B /* VeggiePizza.swift */; };
		C14932261A0B0A93000E526B /* PepperoniPizza.swift in Sources */ = {isa = PBXBuildFile; fileRef = C14932251A0B0A93000E526B /* PepperoniPizza.swift */; };
/* End PBXBuildFile section */

/* Begin PBXCopyFilesBuildPhase section */
		C1440F421A0618AB008F5532 /* CopyFiles */ = {
			isa = PBXCopyFilesBuildPhase;
			buildActionMask = 2147483647;
			dstPath = /usr/share/man/man1/;
			dstSubfolderSpec = 0;
			files = (
			);
			runOnlyForDeploymentPostprocessing = 1;
		};
/* End PBXCopyFilesBuildPhase section */

/* Begin PBXFileReference section */
		C1440F441A0618AB008F5532 /* factory */ = {isa = PBXFileReference; explicitFileType = "compiled.mach-o.executable"; includeInIndex = 0; path = factory; sourceTree = BUILT_PRODUCTS_DIR; };
		C1440F471A0618AC008F5532 /* main.swift */ = {isa = PBXFileReference; lastKnownFileType = sourcecode.swift; path = main.swift; sourceTree = "<group>"; };
		C1440F4E1A0618C0008F5532 /* ChicagoStylePizzaStore.swift */ = {isa = PBXFileReference; fileEncoding = 4; lastKnownFileType = sourcecode.swift; path = ChicagoStylePizzaStore.swift; sourceTree = "<group>"; };
		C1440F4F1A0618C0008F5532 /* ChicagoStyleCheesePizza.swift */ = {isa = PBXFileReference; fileEncoding = 4; lastKnownFileType = sourcecode.swift; path = ChicagoStyleCheesePizza.swift; sourceTree = "<group>"; };
		C1440F501A0618C0008F5532 /* Pizza.swift */ = {isa = PBXFileReference; fileEncoding = 4; lastKnownFileType = sourcecode.swift; path = Pizza.swift; sourceTree = "<group>"; };
		C1440F511A0618C0008F5532 /* NYStyleCheesePizza.swift */ = {isa = PBXFileReference; fileEncoding = 4; lastKnownFileType = sourcecode.swift; path = NYStyleCheesePizza.swift; sourceTree = "<group>"; };
		C1440F521A0618C0008F5532 /* NYPizzaStore.swift */ = {isa = PBXFileReference; fileEncoding = 4; lastKnownFileType = sourcecode.swift; path = NYPizzaStore.swift; sourceTree = "<group>"; };
		C1440F531A0618C0008F5532 /* PizzaStore.swift */ = {isa = PBXFileReference; fileEncoding = 4; lastKnownFileType = sourcecode.swift; path = PizzaStore.swift; sourceTree = "<group>"; };
		C1440F541A0618C0008F5532 /* NYStyleClamPizza.swift */ = {isa = PBXFileReference; fileEncoding = 4; lastKnownFileType = sourcecode.swift; path = NYStyleClamPizza.swift; sourceTree = "<group>"; };
		C1440F551A0618C0008F5532 /* NYStylePepperoniPizza.swift */ = {isa = PBXFileReference; fileEncoding = 4; lastKnownFileType = sourcecode.swift; path = NYStylePepperoniPizza.swift; sourceTree = "<group>"; };
		C1440F561A0618C0008F5532 /* NYStyleVeggiePizza.swift */ = {isa = PBXFileReference; fileEncoding = 4; lastKnownFileType = sourcecode.swift; path = NYStyleVeggiePizza.swift; sourceTree = "<group>"; };
		C1440F631A073FC0008F5532 /* PizzaIngredientFactory.swift */ = {isa = PBXFileReference; fileEncoding = 4; lastKnownFileType = sourcecode.swift; path = PizzaIngredientFactory.swift; sourceTree = "<group>"; };
		C1440F651A073FFB008F5532 /* Dough.swift */ = {isa = PBXFileReference; fileEncoding = 4; lastKnownFileType = sourcecode.swift; path = Dough.swift; sourceTree = "<group>"; };
		C1440F671A074016008F5532 /* Sauce.swift */ = {isa = PBXFileReference; fileEncoding = 4; lastKnownFileType = sourcecode.swift; path = Sauce.swift; sourceTree = "<group>"; };
		C1440F691A07402A008F5532 /* Cheese.swift */ = {isa = PBXFileReference; fileEncoding = 4; lastKnownFileType = sourcecode.swift; path = Cheese.swift; sourceTree = "<group>"; };
		C1440F6B1A074041008F5532 /* Veggies.swift */ = {isa = PBXFileReference; fileEncoding = 4; lastKnownFileType = sourcecode.swift; path = Veggies.swift; sourceTree = "<group>"; };
		C1440F6D1A07405E008F5532 /* Pepperoni.swift */ = {isa = PBXFileReference; fileEncoding = 4; lastKnownFileType = sourcecode.swift; path = Pepperoni.swift; sourceTree = "<group>"; };
		C1440F6F1A074076008F5532 /* Clams.swift */ = {isa = PBXFileReference; fileEncoding = 4; lastKnownFileType = sourcecode.swift; path = Clams.swift; sourceTree = "<group>"; };
		C1440F711A0740AC008F5532 /* Garlic.swift */ = {isa = PBXFileReference; fileEncoding = 4; lastKnownFileType = sourcecode.swift; path = Garlic.swift; sourceTree = "<group>"; };
		C1440F731A0740D1008F5532 /* Onion.swift */ = {isa = PBXFileReference; fileEncoding = 4; lastKnownFileType = sourcecode.swift; path = Onion.swift; sourceTree = "<group>"; };
		C1440F751A0740EB008F5532 /* Mushroom.swift */ = {isa = PBXFileReference; fileEncoding = 4; lastKnownFileType = sourcecode.swift; path = Mushroom.swift; sourceTree = "<group>"; };
		C1440F771A07410A008F5532 /* RedPepper.swift */ = {isa = PBXFileReference; fileEncoding = 4; lastKnownFileType = sourcecode.swift; path = RedPepper.swift; sourceTree = "<group>"; };
		C1440F791A0741DB008F5532 /* NYPizzaIngredientFactory.swift */ = {isa = PBXFileReference; fileEncoding = 4; lastKnownFileType = sourcecode.swift; path = NYPizzaIngredientFactory.swift; sourceTree = "<group>"; };
		C1440F7B1A07431F008F5532 /* ThinCrustDough.swift */ = {isa = PBXFileReference; fileEncoding = 4; lastKnownFileType = sourcecode.swift; path = ThinCrustDough.swift; sourceTree = "<group>"; };
		C1440F7D1A07434C008F5532 /* MarinaraSauce.swift */ = {isa = PBXFileReference; fileEncoding = 4; lastKnownFileType = sourcecode.swift; path = MarinaraSauce.swift; sourceTree = "<group>"; };
		C1440F7F1A074373008F5532 /* ReggianoCheese.swift */ = {isa = PBXFileReference; fileEncoding = 4; lastKnownFileType = sourcecode.swift; path = ReggianoCheese.swift; sourceTree = "<group>"; };
		C1440F811A074398008F5532 /* SlicedPepperoni.swift */ = {isa = PBXFileReference; fileEncoding = 4; lastKnownFileType = sourcecode.swift; path = SlicedPepperoni.swift; sourceTree = "<group>"; };
		C1440F831A0743BE008F5532 /* FreshClams.swift */ = {isa = PBXFileReference; fileEncoding = 4; lastKnownFileType = sourcecode.swift; path = FreshClams.swift; sourceTree = "<group>"; };
		C1440FB11A086388008F5532 /* CheesePizza.swift */ = {isa = PBXFileReference; fileEncoding = 4; lastKnownFileType = sourcecode.swift; path = CheesePizza.swift; sourceTree = "<group>"; };
		C1440FB31A086954008F5532 /* Vehicle.swift */ = {isa = PBXFileReference; fileEncoding = 4; lastKnownFileType = sourcecode.swift; path = Vehicle.swift; sourceTree = "<group>"; };
		C1440FB51A087043008F5532 /* Bicycle.swift */ = {isa = PBXFileReference; fileEncoding = 4; lastKnownFileType = sourcecode.swift; path = Bicycle.swift; sourceTree = "<group>"; };
		C14932211A0B063B000E526B /* ClamPizza.swift */ = {isa = PBXFileReference; fileEncoding = 4; lastKnownFileType = sourcecode.swift; path = ClamPizza.swift; sourceTree = "<group>"; };
		C14932231A0B0998000E526B /* VeggiePizza.swift */ = {isa = PBXFileReference; fileEncoding = 4; lastKnownFileType = sourcecode.swift; path = VeggiePizza.swift; sourceTree = "<group>"; };
		C14932251A0B0A93000E526B /* PepperoniPizza.swift */ = {isa = PBXFileReference; fileEncoding = 4; lastKnownFileType = sourcecode.swift; path = PepperoniPizza.swift; sourceTree = "<group>"; };
/* End PBXFileReference section */

/* Begin PBXFrameworksBuildPhase section */
		C1440F411A0618AB008F5532 /* Frameworks */ = {
			isa = PBXFrameworksBuildPhase;
			buildActionMask = 2147483647;
			files = (
			);
			runOnlyForDeploymentPostprocessing = 0;
		};
/* End PBXFrameworksBuildPhase section */

/* Begin PBXGroup section */
		C1440F3B1A0618AB008F5532 = {
			isa = PBXGroup;
			children = (
				C1440F461A0618AB008F5532 /* factory */,
				C1440F451A0618AB008F5532 /* Products */,
			);
			sourceTree = "<group>";
		};
		C1440F451A0618AB008F5532 /* Products */ = {
			isa = PBXGroup;
			children = (
				C1440F441A0618AB008F5532 /* factory */,
			);
			name = Products;
			sourceTree = "<group>";
		};
		C1440F461A0618AB008F5532 /* factory */ = {
			isa = PBXGroup;
			children = (
				C1440F4E1A0618C0008F5532 /* ChicagoStylePizzaStore.swift */,
				C1440F4F1A0618C0008F5532 /* ChicagoStyleCheesePizza.swift */,
				C1440F501A0618C0008F5532 /* Pizza.swift */,
				C1440F511A0618C0008F5532 /* NYStyleCheesePizza.swift */,
				C1440F521A0618C0008F5532 /* NYPizzaStore.swift */,
				C1440F531A0618C0008F5532 /* PizzaStore.swift */,
				C1440F541A0618C0008F5532 /* NYStyleClamPizza.swift */,
				C1440F551A0618C0008F5532 /* NYStylePepperoniPizza.swift */,
				C1440F561A0618C0008F5532 /* NYStyleVeggiePizza.swift */,
				C1440F471A0618AC008F5532 /* main.swift */,
				C1440F631A073FC0008F5532 /* PizzaIngredientFactory.swift */,
				C1440F651A073FFB008F5532 /* Dough.swift */,
				C1440F671A074016008F5532 /* Sauce.swift */,
				C1440F691A07402A008F5532 /* Cheese.swift */,
				C1440F6B1A074041008F5532 /* Veggies.swift */,
				C1440F6D1A07405E008F5532 /* Pepperoni.swift */,
				C1440F6F1A074076008F5532 /* Clams.swift */,
				C1440F711A0740AC008F5532 /* Garlic.swift */,
				C1440F731A0740D1008F5532 /* Onion.swift */,
				C1440F751A0740EB008F5532 /* Mushroom.swift */,
				C1440F771A07410A008F5532 /* RedPepper.swift */,
				C1440F791A0741DB008F5532 /* NYPizzaIngredientFactory.swift */,
				C1440F7B1A07431F008F5532 /* ThinCrustDough.swift */,
				C1440F7D1A07434C008F5532 /* MarinaraSauce.swift */,
				C1440F7F1A074373008F5532 /* ReggianoCheese.swift */,
				C1440F811A074398008F5532 /* SlicedPepperoni.swift */,
				C1440F831A0743BE008F5532 /* FreshClams.swift */,
				C1440FB31A086954008F5532 /* Vehicle.swift */,
				C1440FB51A087043008F5532 /* Bicycle.swift */,
				C14932211A0B063B000E526B /* ClamPizza.swift */,
				C1440FB11A086388008F5532 /* CheesePizza.swift */,
				C14932231A0B0998000E526B /* VeggiePizza.swift */,
				C14932251A0B0A93000E526B /* PepperoniPizza.swift */,
			);
			path = factory;
			sourceTree = "<group>";
		};
/* End PBXGroup section */

/* Begin PBXNativeTarget section */
		C1440F431A0618AB008F5532 /* factory */ = {
			isa = PBXNativeTarget;
			buildConfigurationList = C1440F4B1A0618AC008F5532 /* Build configuration list for PBXNativeTarget "factory" */;
			buildPhases = (
				C1440F401A0618AB008F5532 /* Sources */,
				C1440F411A0618AB008F5532 /* Frameworks */,
				C1440F421A0618AB008F5532 /* CopyFiles */,
			);
			buildRules = (
			);
			dependencies = (
			);
			name = factory;
			productName = factory;
			productReference = C1440F441A0618AB008F5532 /* factory */;
			productType = "com.apple.product-type.tool";
		};
/* End PBXNativeTarget section */

/* Begin PBXProject section */
		C1440F3C1A0618AB008F5532 /* Project object */ = {
			isa = PBXProject;
			attributes = {
				LastUpgradeCheck = 0610;
				ORGANIZATIONNAME = UnixOSS;
				TargetAttributes = {
					C1440F431A0618AB008F5532 = {
						CreatedOnToolsVersion = 6.1;
					};
				};
			};
			buildConfigurationList = C1440F3F1A0618AB008F5532 /* Build configuration list for PBXProject "factory" */;
			compatibilityVersion = "Xcode 3.2";
			developmentRegion = English;
			hasScannedForEncodings = 0;
			knownRegions = (
				en,
			);
			mainGroup = C1440F3B1A0618AB008F5532;
			productRefGroup = C1440F451A0618AB008F5532 /* Products */;
			projectDirPath = "";
			projectRoot = "";
			targets = (
				C1440F431A0618AB008F5532 /* factory */,
			);
		};
/* End PBXProject section */

/* Begin PBXSourcesBuildPhase section */
		C1440F401A0618AB008F5532 /* Sources */ = {
			isa = PBXSourcesBuildPhase;
			buildActionMask = 2147483647;
			files = (
				C1440F641A073FC0008F5532 /* PizzaIngredientFactory.swift in Sources */,
				C1440F661A073FFB008F5532 /* Dough.swift in Sources */,
				C1440F7E1A07434C008F5532 /* MarinaraSauce.swift in Sources */,
				C1440F591A0618C0008F5532 /* Pizza.swift in Sources */,
				C1440F761A0740EB008F5532 /* Mushroom.swift in Sources */,
				C1440F721A0740AC008F5532 /* Garlic.swift in Sources */,
				C14932261A0B0A93000E526B /* PepperoniPizza.swift in Sources */,
				C1440F5B1A0618C0008F5532 /* NYPizzaStore.swift in Sources */,
				C1440F841A0743BE008F5532 /* FreshClams.swift in Sources */,
				C1440F6A1A07402A008F5532 /* Cheese.swift in Sources */,
				C1440F5E1A0618C0008F5532 /* NYStylePepperoniPizza.swift in Sources */,
				C1440F581A0618C0008F5532 /* ChicagoStyleCheesePizza.swift in Sources */,
				C1440F821A074398008F5532 /* SlicedPepperoni.swift in Sources */,
				C1440FB41A086954008F5532 /* Vehicle.swift in Sources */,
				C1440F681A074016008F5532 /* Sauce.swift in Sources */,
				C14932221A0B063B000E526B /* ClamPizza.swift in Sources */,
				C1440F781A07410A008F5532 /* RedPepper.swift in Sources */,
				C1440F7A1A0741DB008F5532 /* NYPizzaIngredientFactory.swift in Sources */,
				C14932241A0B0998000E526B /* VeggiePizza.swift in Sources */,
				C1440F7C1A07431F008F5532 /* ThinCrustDough.swift in Sources */,
				C1440F481A0618AC008F5532 /* main.swift in Sources */,
				C1440F5D1A0618C0008F5532 /* NYStyleClamPizza.swift in Sources */,
				C1440F5F1A0618C0008F5532 /* NYStyleVeggiePizza.swift in Sources */,
				C1440F5C1A0618C0008F5532 /* PizzaStore.swift in Sources */,
				C1440F6E1A07405E008F5532 /* Pepperoni.swift in Sources */,
				C1440F701A074076008F5532 /* Clams.swift in Sources */,
				C1440F6C1A074041008F5532 /* Veggies.swift in Sources */,
				C1440FB21A086388008F5532 /* CheesePizza.swift in Sources */,
				C1440F571A0618C0008F5532 /* ChicagoStylePizzaStore.swift in Sources */,
				C1440F801A074373008F5532 /* ReggianoCheese.swift in Sources */,
				C1440FB61A087043008F5532 /* Bicycle.swift in Sources */,
				C1440F741A0740D1008F5532 /* Onion.swift in Sources */,
				C1440F5A1A0618C0008F5532 /* NYStyleCheesePizza.swift in Sources */,
			);
			runOnlyForDeploymentPostprocessing = 0;
		};
/* End PBXSourcesBuildPhase section */

/* Begin XCBuildConfiguration section */
		C1440F491A0618AC008F5532 /* Debug */ = {
			isa = XCBuildConfiguration;
			buildSettings = {
				ALWAYS_SEARCH_USER_PATHS = NO;
				CLANG_CXX_LANGUAGE_STANDARD = "gnu++0x";
				CLANG_CXX_LIBRARY = "libc++";
				CLANG_ENABLE_MODULES = YES;
				CLANG_ENABLE_OBJC_ARC = YES;
				CLANG_WARN_BOOL_CONVERSION = YES;
				CLANG_WARN_CONSTANT_CONVERSION = YES;
				CLANG_WARN_DIRECT_OBJC_ISA_USAGE = YES_ERROR;
				CLANG_WARN_EMPTY_BODY = YES;
				CLANG_WARN_ENUM_CONVERSION = YES;
				CLANG_WARN_INT_CONVERSION = YES;
				CLANG_WARN_OBJC_ROOT_CLASS = YES_ERROR;
				CLANG_WARN_UNREACHABLE_CODE = YES;
				CLANG_WARN__DUPLICATE_METHOD_MATCH = YES;
				COPY_PHASE_STRIP = NO;
				ENABLE_STRICT_OBJC_MSGSEND = YES;
				GCC_C_LANGUAGE_STANDARD = gnu99;
				GCC_DYNAMIC_NO_PIC = NO;
				GCC_OPTIMIZATION_LEVEL = 0;
				GCC_PREPROCESSOR_DEFINITIONS = (
					"DEBUG=1",
					"$(inherited)",
				);
				GCC_SYMBOLS_PRIVATE_EXTERN = NO;
				GCC_WARN_64_TO_32_BIT_CONVERSION = YES;
				GCC_WARN_ABOUT_RETURN_TYPE = YES_ERROR;
				GCC_WARN_UNDECLARED_SELECTOR = YES;
				GCC_WARN_UNINITIALIZED_AUTOS = YES_AGGRESSIVE;
				GCC_WARN_UNUSED_FUNCTION = YES;
				GCC_WARN_UNUSED_VARIABLE = YES;
				MACOSX_DEPLOYMENT_TARGET = 10.10;
				MTL_ENABLE_DEBUG_INFO = YES;
				ONLY_ACTIVE_ARCH = YES;
				SDKROOT = macosx;
				SWIFT_OPTIMIZATION_LEVEL = "-Onone";
			};
			name = Debug;
		};
		C1440F4A1A0618AC008F5532 /* Release */ = {
			isa = XCBuildConfiguration;
			buildSettings = {
				ALWAYS_SEARCH_USER_PATHS = NO;
				CLANG_CXX_LANGUAGE_STANDARD = "gnu++0x";
				CLANG_CXX_LIBRARY = "libc++";
				CLANG_ENABLE_MODULES = YES;
				CLANG_ENABLE_OBJC_ARC = YES;
				CLANG_WARN_BOOL_CONVERSION = YES;
				CLANG_WARN_CONSTANT_CONVERSION = YES;
				CLANG_WARN_DIRECT_OBJC_ISA_USAGE = YES_ERROR;
				CLANG_WARN_EMPTY_BODY = YES;
				CLANG_WARN_ENUM_CONVERSION = YES;
				CLANG_WARN_INT_CONVERSION = YES;
				CLANG_WARN_OBJC_ROOT_CLASS = YES_ERROR;
				CLANG_WARN_UNREACHABLE_CODE = YES;
				CLANG_WARN__DUPLICATE_METHOD_MATCH = YES;
				COPY_PHASE_STRIP = YES;
				DEBUG_INFORMATION_FORMAT = "dwarf-with-dsym";
				ENABLE_NS_ASSERTIONS = NO;
				ENABLE_STRICT_OBJC_MSGSEND = YES;
				GCC_C_LANGUAGE_STANDARD = gnu99;
				GCC_WARN_64_TO_32_BIT_CONVERSION = YES;
				GCC_WARN_ABOUT_RETURN_TYPE = YES_ERROR;
				GCC_WARN_UNDECLARED_SELECTOR = YES;
				GCC_WARN_UNINITIALIZED_AUTOS = YES_AGGRESSIVE;
				GCC_WARN_UNUSED_FUNCTION = YES;
				GCC_WARN_UNUSED_VARIABLE = YES;
				MACOSX_DEPLOYMENT_TARGET = 10.10;
				MTL_ENABLE_DEBUG_INFO = NO;
				SDKROOT = macosx;
			};
			name = Release;
		};
		C1440F4C1A0618AC008F5532 /* Debug */ = {
			isa = XCBuildConfiguration;
			buildSettings = {
				PRODUCT_NAME = "$(TARGET_NAME)";
			};
			name = Debug;
		};
		C1440F4D1A0618AC008F5532 /* Release */ = {
			isa = XCBuildConfiguration;
			buildSettings = {
				PRODUCT_NAME = "$(TARGET_NAME)";
			};
			name = Release;
		};
/* End XCBuildConfiguration section */

/* Begin XCConfigurationList section */
		C1440F3F1A0618AB008F5532 /* Build configuration list for PBXProject "factory" */ = {
			isa = XCConfigurationList;
			buildConfigurations = (
				C1440F491A0618AC008F5532 /* Debug */,
				C1440F4A1A0618AC008F5532 /* Release */,
			);
			defaultConfigurationIsVisible = 0;
			defaultConfigurationName = Release;
		};
		C1440F4B1A0618AC008F5532 /* Build configuration list for PBXNativeTarget "factory" */ = {
			isa = XCConfigurationList;
			buildConfigurations = (
				C1440F4C1A0618AC008F5532 /* Debug */,
				C1440F4D1A0618AC008F5532 /* Release */,
			);
			defaultConfigurationIsVisible = 0;
			defaultConfigurationName = Release;
		};
/* End XCConfigurationList section */
	};
	rootObject = C1440F3C1A0618AB008F5532 /* Project object */;
}
