// !$*UTF8*$!
{
	archiveVersion = 1;
	classes = {
	};
	objectVersion = 46;
	objects = {

/* Begin PBXBuildFile section */
		C1440F041A0616C5008F5532 /* main.swift in Sources */ = {isa = PBXBuildFile; fileRef = C1440F031A0616C5008F5532 /* main.swift */; };
		C1440F111A0616EF008F5532 /* CurrentConditionsDisplay.swift in Sources */ = {isa = PBXBuildFile; fileRef = C1440F0A1A0616EF008F5532 /* CurrentConditionsDisplay.swift */; };
		C1440F121A0616EF008F5532 /* StatisticsDisplay.swift in Sources */ = {isa = PBXBuildFile; fileRef = C1440F0B1A0616EF008F5532 /* StatisticsDisplay.swift */; };
		C1440F131A0616EF008F5532 /* ForecastDisplay.swift in Sources */ = {isa = PBXBuildFile; fileRef = C1440F0C1A0616EF008F5532 /* ForecastDisplay.swift */; };
		C1440F141A0616EF008F5532 /* DisplayElement.swift in Sources */ = {isa = PBXBuildFile; fileRef = C1440F0D1A0616EF008F5532 /* DisplayElement.swift */; };
		C1440F151A0616EF008F5532 /* WeatherData.swift in Sources */ = {isa = PBXBuildFile; fileRef = C1440F0E1A0616EF008F5532 /* WeatherData.swift */; };
		C1440F161A0616EF008F5532 /* Observer.swift in Sources */ = {isa = PBXBuildFile; fileRef = C1440F0F1A0616EF008F5532 /* Observer.swift */; };
		C1440F171A0616EF008F5532 /* Subject.swift in Sources */ = {isa = PBXBuildFile; fileRef = C1440F101A0616EF008F5532 /* Subject.swift */; };
/* End PBXBuildFile section */

/* Begin PBXCopyFilesBuildPhase section */
		C1440EFE1A0616C5008F5532 /* CopyFiles */ = {
			isa = PBXCopyFilesBuildPhase;
			buildActionMask = 2147483647;
			dstPath = /usr/share/man/man1/;
			dstSubfolderSpec = 0;
			files = (
			);
			runOnlyForDeploymentPostprocessing = 1;
		};
/* End PBXCopyFilesBuildPhase section */

/* Begin PBXFileReference section */
		C1440F001A0616C5008F5532 /* observer */ = {isa = PBXFileReference; explicitFileType = "compiled.mach-o.executable"; includeInIndex = 0; path = observer; sourceTree = BUILT_PRODUCTS_DIR; };
		C1440F031A0616C5008F5532 /* main.swift */ = {isa = PBXFileReference; lastKnownFileType = sourcecode.swift; path = main.swift; sourceTree = "<group>"; };
		C1440F0A1A0616EF008F5532 /* CurrentConditionsDisplay.swift */ = {isa = PBXFileReference; fileEncoding = 4; lastKnownFileType = sourcecode.swift; path = CurrentConditionsDisplay.swift; sourceTree = "<group>"; };
		C1440F0B1A0616EF008F5532 /* StatisticsDisplay.swift */ = {isa = PBXFileReference; fileEncoding = 4; lastKnownFileType = sourcecode.swift; path = StatisticsDisplay.swift; sourceTree = "<group>"; };
		C1440F0C1A0616EF008F5532 /* ForecastDisplay.swift */ = {isa = PBXFileReference; fileEncoding = 4; lastKnownFileType = sourcecode.swift; path = ForecastDisplay.swift; sourceTree = "<group>"; };
		C1440F0D1A0616EF008F5532 /* DisplayElement.swift */ = {isa = PBXFileReference; fileEncoding = 4; lastKnownFileType = sourcecode.swift; path = DisplayElement.swift; sourceTree = "<group>"; };
		C1440F0E1A0616EF008F5532 /* WeatherData.swift */ = {isa = PBXFileReference; fileEncoding = 4; lastKnownFileType = sourcecode.swift; path = WeatherData.swift; sourceTree = "<group>"; };
		C1440F0F1A0616EF008F5532 /* Observer.swift */ = {isa = PBXFileReference; fileEncoding = 4; lastKnownFileType = sourcecode.swift; path = Observer.swift; sourceTree = "<group>"; };
		C1440F101A0616EF008F5532 /* Subject.swift */ = {isa = PBXFileReference; fileEncoding = 4; lastKnownFileType = sourcecode.swift; path = Subject.swift; sourceTree = "<group>"; };
/* End PBXFileReference section */

/* Begin PBXFrameworksBuildPhase section */
		C1440EFD1A0616C5008F5532 /* Frameworks */ = {
			isa = PBXFrameworksBuildPhase;
			buildActionMask = 2147483647;
			files = (
			);
			runOnlyForDeploymentPostprocessing = 0;
		};
/* End PBXFrameworksBuildPhase section */

/* Begin PBXGroup section */
		C1440EF71A0616C5008F5532 = {
			isa = PBXGroup;
			children = (
				C1440F021A0616C5008F5532 /* observer */,
				C1440F011A0616C5008F5532 /* Products */,
			);
			sourceTree = "<group>";
		};
		C1440F011A0616C5008F5532 /* Products */ = {
			isa = PBXGroup;
			children = (
				C1440F001A0616C5008F5532 /* observer */,
			);
			name = Products;
			sourceTree = "<group>";
		};
		C1440F021A0616C5008F5532 /* observer */ = {
			isa = PBXGroup;
			children = (
				C1440F0A1A0616EF008F5532 /* CurrentConditionsDisplay.swift */,
				C1440F0B1A0616EF008F5532 /* StatisticsDisplay.swift */,
				C1440F0C1A0616EF008F5532 /* ForecastDisplay.swift */,
				C1440F0D1A0616EF008F5532 /* DisplayElement.swift */,
				C1440F0E1A0616EF008F5532 /* WeatherData.swift */,
				C1440F0F1A0616EF008F5532 /* Observer.swift */,
				C1440F101A0616EF008F5532 /* Subject.swift */,
				C1440F031A0616C5008F5532 /* main.swift */,
			);
			path = observer;
			sourceTree = "<group>";
		};
/* End PBXGroup section */

/* Begin PBXNativeTarget section */
		C1440EFF1A0616C5008F5532 /* observer */ = {
			isa = PBXNativeTarget;
			buildConfigurationList = C1440F071A0616C5008F5532 /* Build configuration list for PBXNativeTarget "observer" */;
			buildPhases = (
				C1440EFC1A0616C5008F5532 /* Sources */,
				C1440EFD1A0616C5008F5532 /* Frameworks */,
				C1440EFE1A0616C5008F5532 /* CopyFiles */,
			);
			buildRules = (
			);
			dependencies = (
			);
			name = observer;
			productName = observer;
			productReference = C1440F001A0616C5008F5532 /* observer */;
			productType = "com.apple.product-type.tool";
		};
/* End PBXNativeTarget section */

/* Begin PBXProject section */
		C1440EF81A0616C5008F5532 /* Project object */ = {
			isa = PBXProject;
			attributes = {
				LastUpgradeCheck = 0610;
				ORGANIZATIONNAME = UnixOSS;
				TargetAttributes = {
					C1440EFF1A0616C5008F5532 = {
						CreatedOnToolsVersion = 6.1;
					};
				};
			};
			buildConfigurationList = C1440EFB1A0616C5008F5532 /* Build configuration list for PBXProject "observer" */;
			compatibilityVersion = "Xcode 3.2";
			developmentRegion = English;
			hasScannedForEncodings = 0;
			knownRegions = (
				en,
			);
			mainGroup = C1440EF71A0616C5008F5532;
			productRefGroup = C1440F011A0616C5008F5532 /* Products */;
			projectDirPath = "";
			projectRoot = "";
			targets = (
				C1440EFF1A0616C5008F5532 /* observer */,
			);
		};
/* End PBXProject section */

/* Begin PBXSourcesBuildPhase section */
		C1440EFC1A0616C5008F5532 /* Sources */ = {
			isa = PBXSourcesBuildPhase;
			buildActionMask = 2147483647;
			files = (
				C1440F171A0616EF008F5532 /* Subject.swift in Sources */,
				C1440F141A0616EF008F5532 /* DisplayElement.swift in Sources */,
				C1440F111A0616EF008F5532 /* CurrentConditionsDisplay.swift in Sources */,
				C1440F131A0616EF008F5532 /* ForecastDisplay.swift in Sources */,
				C1440F041A0616C5008F5532 /* main.swift in Sources */,
				C1440F151A0616EF008F5532 /* WeatherData.swift in Sources */,
				C1440F161A0616EF008F5532 /* Observer.swift in Sources */,
				C1440F121A0616EF008F5532 /* StatisticsDisplay.swift in Sources */,
			);
			runOnlyForDeploymentPostprocessing = 0;
		};
/* End PBXSourcesBuildPhase section */

/* Begin XCBuildConfiguration section */
		C1440F051A0616C5008F5532 /* Debug */ = {
			isa = XCBuildConfiguration;
			buildSettings = {
				ALWAYS_SEARCH_USER_PATHS = NO;
				CLANG_CXX_LANGUAGE_STANDARD = "gnu++0x";
				CLANG_CXX_LIBRARY = "libc++";
				CLANG_ENABLE_MODULES = YES;
				CLANG_ENABLE_OBJC_ARC = YES;
				CLANG_WARN_BOOL_CONVERSION = YES;
				CLANG_WARN_CONSTANT_CONVERSION = YES;
				CLANG_WARN_DIRECT_OBJC_ISA_USAGE = YES_ERROR;
				CLANG_WARN_EMPTY_BODY = YES;
				CLANG_WARN_ENUM_CONVERSION = YES;
				CLANG_WARN_INT_CONVERSION = YES;
				CLANG_WARN_OBJC_ROOT_CLASS = YES_ERROR;
				CLANG_WARN_UNREACHABLE_CODE = YES;
				CLANG_WARN__DUPLICATE_METHOD_MATCH = YES;
				COPY_PHASE_STRIP = NO;
				ENABLE_STRICT_OBJC_MSGSEND = YES;
				GCC_C_LANGUAGE_STANDARD = gnu99;
				GCC_DYNAMIC_NO_PIC = NO;
				GCC_OPTIMIZATION_LEVEL = 0;
				GCC_PREPROCESSOR_DEFINITIONS = (
					"DEBUG=1",
					"$(inherited)",
				);
				GCC_SYMBOLS_PRIVATE_EXTERN = NO;
				GCC_WARN_64_TO_32_BIT_CONVERSION = YES;
				GCC_WARN_ABOUT_RETURN_TYPE = YES_ERROR;
				GCC_WARN_UNDECLARED_SELECTOR = YES;
				GCC_WARN_UNINITIALIZED_AUTOS = YES_AGGRESSIVE;
				GCC_WARN_UNUSED_FUNCTION = YES;
				GCC_WARN_UNUSED_VARIABLE = YES;
				MACOSX_DEPLOYMENT_TARGET = 10.10;
				MTL_ENABLE_DEBUG_INFO = YES;
				ONLY_ACTIVE_ARCH = YES;
				SDKROOT = macosx;
				SWIFT_OPTIMIZATION_LEVEL = "-Onone";
			};
			name = Debug;
		};
		C1440F061A0616C5008F5532 /* Release */ = {
			isa = XCBuildConfiguration;
			buildSettings = {
				ALWAYS_SEARCH_USER_PATHS = NO;
				CLANG_CXX_LANGUAGE_STANDARD = "gnu++0x";
				CLANG_CXX_LIBRARY = "libc++";
				CLANG_ENABLE_MODULES = YES;
				CLANG_ENABLE_OBJC_ARC = YES;
				CLANG_WARN_BOOL_CONVERSION = YES;
				CLANG_WARN_CONSTANT_CONVERSION = YES;
				CLANG_WARN_DIRECT_OBJC_ISA_USAGE = YES_ERROR;
				CLANG_WARN_EMPTY_BODY = YES;
				CLANG_WARN_ENUM_CONVERSION = YES;
				CLANG_WARN_INT_CONVERSION = YES;
				CLANG_WARN_OBJC_ROOT_CLASS = YES_ERROR;
				CLANG_WARN_UNREACHABLE_CODE = YES;
				CLANG_WARN__DUPLICATE_METHOD_MATCH = YES;
				COPY_PHASE_STRIP = YES;
				DEBUG_INFORMATION_FORMAT = "dwarf-with-dsym";
				ENABLE_NS_ASSERTIONS = NO;
				ENABLE_STRICT_OBJC_MSGSEND = YES;
				GCC_C_LANGUAGE_STANDARD = gnu99;
				GCC_WARN_64_TO_32_BIT_CONVERSION = YES;
				GCC_WARN_ABOUT_RETURN_TYPE = YES_ERROR;
				GCC_WARN_UNDECLARED_SELECTOR = YES;
				GCC_WARN_UNINITIALIZED_AUTOS = YES_AGGRESSIVE;
				GCC_WARN_UNUSED_FUNCTION = YES;
				GCC_WARN_UNUSED_VARIABLE = YES;
				MACOSX_DEPLOYMENT_TARGET = 10.10;
				MTL_ENABLE_DEBUG_INFO = NO;
				SDKROOT = macosx;
			};
			name = Release;
		};
		C1440F081A0616C5008F5532 /* Debug */ = {
			isa = XCBuildConfiguration;
			buildSettings = {
				PRODUCT_NAME = "$(TARGET_NAME)";
			};
			name = Debug;
		};
		C1440F091A0616C5008F5532 /* Release */ = {
			isa = XCBuildConfiguration;
			buildSettings = {
				PRODUCT_NAME = "$(TARGET_NAME)";
			};
			name = Release;
		};
/* End XCBuildConfiguration section */

/* Begin XCConfigurationList section */
		C1440EFB1A0616C5008F5532 /* Build configuration list for PBXProject "observer" */ = {
			isa = XCConfigurationList;
			buildConfigurations = (
				C1440F051A0616C5008F5532 /* Debug */,
				C1440F061A0616C5008F5532 /* Release */,
			);
			defaultConfigurationIsVisible = 0;
			defaultConfigurationName = Release;
		};
		C1440F071A0616C5008F5532 /* Build configuration list for PBXNativeTarget "observer" */ = {
			isa = XCConfigurationList;
			buildConfigurations = (
				C1440F081A0616C5008F5532 /* Debug */,
				C1440F091A0616C5008F5532 /* Release */,
			);
			defaultConfigurationIsVisible = 0;
		};
/* End XCConfigurationList section */
	};
	rootObject = C1440EF81A0616C5008F5532 /* Project object */;
}
